# This file was autogenerated by Stack.
# You should not edit this file by hand.
# For more information, please see the documentation at:
#   https://docs.haskellstack.org/en/stable/lock_files

packages:
- completed:
    hackage: safe-coloured-text-0.2.0.1@sha256:cb01d89f7c1ec009f8341c5b83c880a3798928beca3254a47d161d6ef0fb0165,1104
    pantry-tree:
      sha256: 9c8efa357ed689fe7d73e53e502f114e71ed7c2d561e5e91b443656af9158161
      size: 427
  original:
    hackage: safe-coloured-text-0.2.0.1
snapshots:
- completed:
    sha256: 6f0bea3ba5b07360f25bc886e8cff8d847767557a492a6f7f6dcb06e3cc79ee9
    size: 712905
    url: https://raw.githubusercontent.com/commercialhaskell/stackage-snapshots/master/lts/22/13.yaml
  original: lts-22.13
